// !$*UTF8*$!
{
	archiveVersion = 1;
	classes = {
	};
	objectVersion = 46;
	objects = {

/* Begin PBXBuildFile section */
		DD437BDF17AD99E500CB9164 /* AFHTTPClient.m in Sources */ = {isa = PBXBuildFile; fileRef = DD437BCD17AD99E500CB9164 /* AFHTTPClient.m */; };
		DD437BE017AD99E500CB9164 /* AFHTTPRequestOperation.m in Sources */ = {isa = PBXBuildFile; fileRef = DD437BCF17AD99E500CB9164 /* AFHTTPRequestOperation.m */; };
		DD437BE117AD99E500CB9164 /* AFImageRequestOperation.m in Sources */ = {isa = PBXBuildFile; fileRef = DD437BD117AD99E500CB9164 /* AFImageRequestOperation.m */; };
		DD437BE217AD99E500CB9164 /* AFJSONRequestOperation.m in Sources */ = {isa = PBXBuildFile; fileRef = DD437BD317AD99E500CB9164 /* AFJSONRequestOperation.m */; };
		DD437BE317AD99E500CB9164 /* AFNetworkActivityIndicatorManager.m in Sources */ = {isa = PBXBuildFile; fileRef = DD437BD517AD99E500CB9164 /* AFNetworkActivityIndicatorManager.m */; };
		DD437BE417AD99E500CB9164 /* AFPropertyListRequestOperation.m in Sources */ = {isa = PBXBuildFile; fileRef = DD437BD817AD99E500CB9164 /* AFPropertyListRequestOperation.m */; };
		DD437BE517AD99E500CB9164 /* AFURLConnectionOperation.m in Sources */ = {isa = PBXBuildFile; fileRef = DD437BDA17AD99E500CB9164 /* AFURLConnectionOperation.m */; };
		DD437BE617AD99E500CB9164 /* AFXMLRequestOperation.m in Sources */ = {isa = PBXBuildFile; fileRef = DD437BDC17AD99E500CB9164 /* AFXMLRequestOperation.m */; };
		DD437BE717AD99E500CB9164 /* UIImageView+AFNetworking.m in Sources */ = {isa = PBXBuildFile; fileRef = DD437BDE17AD99E500CB9164 /* UIImageView+AFNetworking.m */; };
		DD437BE917AD9A7A00CB9164 /* Security.framework in Frameworks */ = {isa = PBXBuildFile; fileRef = DD437BE817AD9A7A00CB9164 /* Security.framework */; };
		DD437BEB17AD9A8B00CB9164 /* CoreLocation.framework in Frameworks */ = {isa = PBXBuildFile; fileRef = DD437BEA17AD9A8B00CB9164 /* CoreLocation.framework */; };
		DD437BED17AD9A9B00CB9164 /* SystemConfiguration.framework in Frameworks */ = {isa = PBXBuildFile; fileRef = DD437BEC17AD9A9B00CB9164 /* SystemConfiguration.framework */; };
		DD437BEF17AD9AA000CB9164 /* MobileCoreServices.framework in Frameworks */ = {isa = PBXBuildFile; fileRef = DD437BEE17AD9AA000CB9164 /* MobileCoreServices.framework */; };
		DD48E9CF17ACEB1F00F72404 /* UIKit.framework in Frameworks */ = {isa = PBXBuildFile; fileRef = DD48E9CE17ACEB1F00F72404 /* UIKit.framework */; };
		DD48E9D117ACEB1F00F72404 /* Foundation.framework in Frameworks */ = {isa = PBXBuildFile; fileRef = DD48E9D017ACEB1F00F72404 /* Foundation.framework */; };
		DD48E9D317ACEB1F00F72404 /* CoreGraphics.framework in Frameworks */ = {isa = PBXBuildFile; fileRef = DD48E9D217ACEB1F00F72404 /* CoreGraphics.framework */; };
		DD48E9D917ACEB1F00F72404 /* InfoPlist.strings in Resources */ = {isa = PBXBuildFile; fileRef = DD48E9D717ACEB1F00F72404 /* InfoPlist.strings */; };
		DD48E9DB17ACEB1F00F72404 /* main.m in Sources */ = {isa = PBXBuildFile; fileRef = DD48E9DA17ACEB1F00F72404 /* main.m */; };
		DD48E9DF17ACEB1F00F72404 /* AppDelegate.m in Sources */ = {isa = PBXBuildFile; fileRef = DD48E9DE17ACEB1F00F72404 /* AppDelegate.m */; };
		DD48E9E117ACEB1F00F72404 /* Default.png in Resources */ = {isa = PBXBuildFile; fileRef = DD48E9E017ACEB1F00F72404 /* Default.png */; };
		DD48E9E317ACEB1F00F72404 /* Default@2x.png in Resources */ = {isa = PBXBuildFile; fileRef = DD48E9E217ACEB1F00F72404 /* Default@2x.png */; };
		DD48E9E517ACEB1F00F72404 /* Default-568h@2x.png in Resources */ = {isa = PBXBuildFile; fileRef = DD48E9E417ACEB1F00F72404 /* Default-568h@2x.png */; };
		DD48E9E817ACEB1F00F72404 /* MainStoryboard.storyboard in Resources */ = {isa = PBXBuildFile; fileRef = DD48E9E617ACEB1F00F72404 /* MainStoryboard.storyboard */; };
		DD48E9EB17ACEB1F00F72404 /* ViewController.m in Sources */ = {isa = PBXBuildFile; fileRef = DD48E9EA17ACEB1F00F72404 /* ViewController.m */; };
		DD8F852D17ADA9E300A02EF3 /* 111-user.png in Resources */ = {isa = PBXBuildFile; fileRef = DD8F852C17ADA9E300A02EF3 /* 111-user.png */; };
		DD8F852F17ADBF6D00A02EF3 /* back@2x.png in Resources */ = {isa = PBXBuildFile; fileRef = DD8F852E17ADBF6D00A02EF3 /* back@2x.png */; };
		DDDEB4F217AD17AD00FF41DB /* button.png in Resources */ = {isa = PBXBuildFile; fileRef = DDDEB4EE17AD17AD00FF41DB /* button.png */; };
		DDDEB4F317AD17AD00FF41DB /* button@2x.png in Resources */ = {isa = PBXBuildFile; fileRef = DDDEB4EF17AD17AD00FF41DB /* button@2x.png */; };
		DDDEB4F417AD17AD00FF41DB /* buttonHighlighted.png in Resources */ = {isa = PBXBuildFile; fileRef = DDDEB4F017AD17AD00FF41DB /* buttonHighlighted.png */; };
		DDDEB4F517AD17AD00FF41DB /* buttonHighlighted@2x.png in Resources */ = {isa = PBXBuildFile; fileRef = DDDEB4F117AD17AD00FF41DB /* buttonHighlighted@2x.png */; };
		DDDEB4F717AD276A00FF41DB /* inspire_pic_1.jpg in Resources */ = {isa = PBXBuildFile; fileRef = DDDEB4F617AD276A00FF41DB /* inspire_pic_1.jpg */; };
		DDDEB4FA17AD299500FF41DB /* UserFormViewController.m in Sources */ = {isa = PBXBuildFile; fileRef = DDDEB4F917AD299500FF41DB /* UserFormViewController.m */; };
		DDDEB4FD17AD8A4700FF41DB /* MentorProfileViewController.m in Sources */ = {isa = PBXBuildFile; fileRef = DDDEB4FC17AD8A4600FF41DB /* MentorProfileViewController.m */; };
		DDDEB50017AD946F00FF41DB /* MentorViewController.m in Sources */ = {isa = PBXBuildFile; fileRef = DDDEB4FF17AD946E00FF41DB /* MentorViewController.m */; };
/* End PBXBuildFile section */

/* Begin PBXFileReference section */
		DD437BCC17AD99E500CB9164 /* AFHTTPClient.h */ = {isa = PBXFileReference; fileEncoding = 4; lastKnownFileType = sourcecode.c.h; path = AFHTTPClient.h; sourceTree = "<group>"; };
		DD437BCD17AD99E500CB9164 /* AFHTTPClient.m */ = {isa = PBXFileReference; fileEncoding = 4; lastKnownFileType = sourcecode.c.objc; path = AFHTTPClient.m; sourceTree = "<group>"; };
		DD437BCE17AD99E500CB9164 /* AFHTTPRequestOperation.h */ = {isa = PBXFileReference; fileEncoding = 4; lastKnownFileType = sourcecode.c.h; path = AFHTTPRequestOperation.h; sourceTree = "<group>"; };
		DD437BCF17AD99E500CB9164 /* AFHTTPRequestOperation.m */ = {isa = PBXFileReference; fileEncoding = 4; lastKnownFileType = sourcecode.c.objc; path = AFHTTPRequestOperation.m; sourceTree = "<group>"; };
		DD437BD017AD99E500CB9164 /* AFImageRequestOperation.h */ = {isa = PBXFileReference; fileEncoding = 4; lastKnownFileType = sourcecode.c.h; path = AFImageRequestOperation.h; sourceTree = "<group>"; };
		DD437BD117AD99E500CB9164 /* AFImageRequestOperation.m */ = {isa = PBXFileReference; fileEncoding = 4; lastKnownFileType = sourcecode.c.objc; path = AFImageRequestOperation.m; sourceTree = "<group>"; };
		DD437BD217AD99E500CB9164 /* AFJSONRequestOperation.h */ = {isa = PBXFileReference; fileEncoding = 4; lastKnownFileType = sourcecode.c.h; path = AFJSONRequestOperation.h; sourceTree = "<group>"; };
		DD437BD317AD99E500CB9164 /* AFJSONRequestOperation.m */ = {isa = PBXFileReference; fileEncoding = 4; lastKnownFileType = sourcecode.c.objc; path = AFJSONRequestOperation.m; sourceTree = "<group>"; };
		DD437BD417AD99E500CB9164 /* AFNetworkActivityIndicatorManager.h */ = {isa = PBXFileReference; fileEncoding = 4; lastKnownFileType = sourcecode.c.h; path = AFNetworkActivityIndicatorManager.h; sourceTree = "<group>"; };
		DD437BD517AD99E500CB9164 /* AFNetworkActivityIndicatorManager.m */ = {isa = PBXFileReference; fileEncoding = 4; lastKnownFileType = sourcecode.c.objc; path = AFNetworkActivityIndicatorManager.m; sourceTree = "<group>"; };
		DD437BD617AD99E500CB9164 /* AFNetworking.h */ = {isa = PBXFileReference; fileEncoding = 4; lastKnownFileType = sourcecode.c.h; path = AFNetworking.h; sourceTree = "<group>"; };
		DD437BD717AD99E500CB9164 /* AFPropertyListRequestOperation.h */ = {isa = PBXFileReference; fileEncoding = 4; lastKnownFileType = sourcecode.c.h; path = AFPropertyListRequestOperation.h; sourceTree = "<group>"; };
		DD437BD817AD99E500CB9164 /* AFPropertyListRequestOperation.m */ = {isa = PBXFileReference; fileEncoding = 4; lastKnownFileType = sourcecode.c.objc; path = AFPropertyListRequestOperation.m; sourceTree = "<group>"; };
		DD437BD917AD99E500CB9164 /* AFURLConnectionOperation.h */ = {isa = PBXFileReference; fileEncoding = 4; lastKnownFileType = sourcecode.c.h; path = AFURLConnectionOperation.h; sourceTree = "<group>"; };
		DD437BDA17AD99E500CB9164 /* AFURLConnectionOperation.m */ = {isa = PBXFileReference; fileEncoding = 4; lastKnownFileType = sourcecode.c.objc; path = AFURLConnectionOperation.m; sourceTree = "<group>"; };
		DD437BDB17AD99E500CB9164 /* AFXMLRequestOperation.h */ = {isa = PBXFileReference; fileEncoding = 4; lastKnownFileType = sourcecode.c.h; path = AFXMLRequestOperation.h; sourceTree = "<group>"; };
		DD437BDC17AD99E500CB9164 /* AFXMLRequestOperation.m */ = {isa = PBXFileReference; fileEncoding = 4; lastKnownFileType = sourcecode.c.objc; path = AFXMLRequestOperation.m; sourceTree = "<group>"; };
		DD437BDD17AD99E500CB9164 /* UIImageView+AFNetworking.h */ = {isa = PBXFileReference; fileEncoding = 4; lastKnownFileType = sourcecode.c.h; path = "UIImageView+AFNetworking.h"; sourceTree = "<group>"; };
		DD437BDE17AD99E500CB9164 /* UIImageView+AFNetworking.m */ = {isa = PBXFileReference; fileEncoding = 4; lastKnownFileType = sourcecode.c.objc; path = "UIImageView+AFNetworking.m"; sourceTree = "<group>"; };
		DD437BE817AD9A7A00CB9164 /* Security.framework */ = {isa = PBXFileReference; lastKnownFileType = wrapper.framework; name = Security.framework; path = System/Library/Frameworks/Security.framework; sourceTree = SDKROOT; };
		DD437BEA17AD9A8B00CB9164 /* CoreLocation.framework */ = {isa = PBXFileReference; lastKnownFileType = wrapper.framework; name = CoreLocation.framework; path = System/Library/Frameworks/CoreLocation.framework; sourceTree = SDKROOT; };
		DD437BEC17AD9A9B00CB9164 /* SystemConfiguration.framework */ = {isa = PBXFileReference; lastKnownFileType = wrapper.framework; name = SystemConfiguration.framework; path = System/Library/Frameworks/SystemConfiguration.framework; sourceTree = SDKROOT; };
		DD437BEE17AD9AA000CB9164 /* MobileCoreServices.framework */ = {isa = PBXFileReference; lastKnownFileType = wrapper.framework; name = MobileCoreServices.framework; path = System/Library/Frameworks/MobileCoreServices.framework; sourceTree = SDKROOT; };
		DD48E9CB17ACEB1F00F72404 /* Lookup.app */ = {isa = PBXFileReference; explicitFileType = wrapper.application; includeInIndex = 0; path = Lookup.app; sourceTree = BUILT_PRODUCTS_DIR; };
		DD48E9CE17ACEB1F00F72404 /* UIKit.framework */ = {isa = PBXFileReference; lastKnownFileType = wrapper.framework; name = UIKit.framework; path = System/Library/Frameworks/UIKit.framework; sourceTree = SDKROOT; };
		DD48E9D017ACEB1F00F72404 /* Foundation.framework */ = {isa = PBXFileReference; lastKnownFileType = wrapper.framework; name = Foundation.framework; path = System/Library/Frameworks/Foundation.framework; sourceTree = SDKROOT; };
		DD48E9D217ACEB1F00F72404 /* CoreGraphics.framework */ = {isa = PBXFileReference; lastKnownFileType = wrapper.framework; name = CoreGraphics.framework; path = System/Library/Frameworks/CoreGraphics.framework; sourceTree = SDKROOT; };
		DD48E9D617ACEB1F00F72404 /* Lookup-Info.plist */ = {isa = PBXFileReference; lastKnownFileType = text.plist.xml; path = "Lookup-Info.plist"; sourceTree = "<group>"; };
		DD48E9D817ACEB1F00F72404 /* en */ = {isa = PBXFileReference; lastKnownFileType = text.plist.strings; name = en; path = en.lproj/InfoPlist.strings; sourceTree = "<group>"; };
		DD48E9DA17ACEB1F00F72404 /* main.m */ = {isa = PBXFileReference; lastKnownFileType = sourcecode.c.objc; path = main.m; sourceTree = "<group>"; };
		DD48E9DC17ACEB1F00F72404 /* Lookup-Prefix.pch */ = {isa = PBXFileReference; lastKnownFileType = sourcecode.c.h; path = "Lookup-Prefix.pch"; sourceTree = "<group>"; };
		DD48E9DD17ACEB1F00F72404 /* AppDelegate.h */ = {isa = PBXFileReference; lastKnownFileType = sourcecode.c.h; path = AppDelegate.h; sourceTree = "<group>"; };
		DD48E9DE17ACEB1F00F72404 /* AppDelegate.m */ = {isa = PBXFileReference; lastKnownFileType = sourcecode.c.objc; path = AppDelegate.m; sourceTree = "<group>"; };
		DD48E9E017ACEB1F00F72404 /* Default.png */ = {isa = PBXFileReference; lastKnownFileType = image.png; path = Default.png; sourceTree = "<group>"; };
		DD48E9E217ACEB1F00F72404 /* Default@2x.png */ = {isa = PBXFileReference; lastKnownFileType = image.png; path = "Default@2x.png"; sourceTree = "<group>"; };
		DD48E9E417ACEB1F00F72404 /* Default-568h@2x.png */ = {isa = PBXFileReference; lastKnownFileType = image.png; path = "Default-568h@2x.png"; sourceTree = "<group>"; };
		DD48E9E717ACEB1F00F72404 /* en */ = {isa = PBXFileReference; lastKnownFileType = file.storyboard; name = en; path = en.lproj/MainStoryboard.storyboard; sourceTree = "<group>"; };
		DD48E9E917ACEB1F00F72404 /* ViewController.h */ = {isa = PBXFileReference; lastKnownFileType = sourcecode.c.h; path = ViewController.h; sourceTree = "<group>"; };
		DD48E9EA17ACEB1F00F72404 /* ViewController.m */ = {isa = PBXFileReference; lastKnownFileType = sourcecode.c.objc; path = ViewController.m; sourceTree = "<group>"; };
		DD8F852C17ADA9E300A02EF3 /* 111-user.png */ = {isa = PBXFileReference; lastKnownFileType = image.png; path = "111-user.png"; sourceTree = "<group>"; };
		DD8F852E17ADBF6D00A02EF3 /* back@2x.png */ = {isa = PBXFileReference; lastKnownFileType = image.png; path = "back@2x.png"; sourceTree = "<group>"; };
		DDDEB4EE17AD17AD00FF41DB /* button.png */ = {isa = PBXFileReference; lastKnownFileType = image.png; name = button.png; path = ../button.png; sourceTree = "<group>"; };
		DDDEB4EF17AD17AD00FF41DB /* button@2x.png */ = {isa = PBXFileReference; lastKnownFileType = image.png; name = "button@2x.png"; path = "../button@2x.png"; sourceTree = "<group>"; };
		DDDEB4F017AD17AD00FF41DB /* buttonHighlighted.png */ = {isa = PBXFileReference; lastKnownFileType = image.png; name = buttonHighlighted.png; path = ../buttonHighlighted.png; sourceTree = "<group>"; };
		DDDEB4F117AD17AD00FF41DB /* buttonHighlighted@2x.png */ = {isa = PBXFileReference; lastKnownFileType = image.png; name = "buttonHighlighted@2x.png"; path = "../buttonHighlighted@2x.png"; sourceTree = "<group>"; };
		DDDEB4F617AD276A00FF41DB /* inspire_pic_1.jpg */ = {isa = PBXFileReference; lastKnownFileType = image.jpeg; name = inspire_pic_1.jpg; path = ../inspire_pic_1.jpg; sourceTree = "<group>"; };
		DDDEB4F817AD299500FF41DB /* UserFormViewController.h */ = {isa = PBXFileReference; fileEncoding = 4; lastKnownFileType = sourcecode.c.h; path = UserFormViewController.h; sourceTree = "<group>"; };
		DDDEB4F917AD299500FF41DB /* UserFormViewController.m */ = {isa = PBXFileReference; fileEncoding = 4; lastKnownFileType = sourcecode.c.objc; path = UserFormViewController.m; sourceTree = "<group>"; };
		DDDEB4FB17AD8A4600FF41DB /* MentorProfileViewController.h */ = {isa = PBXFileReference; fileEncoding = 4; lastKnownFileType = sourcecode.c.h; path = MentorProfileViewController.h; sourceTree = "<group>"; };
		DDDEB4FC17AD8A4600FF41DB /* MentorProfileViewController.m */ = {isa = PBXFileReference; fileEncoding = 4; lastKnownFileType = sourcecode.c.objc; path = MentorProfileViewController.m; sourceTree = "<group>"; };
		DDDEB4FE17AD946E00FF41DB /* MentorViewController.h */ = {isa = PBXFileReference; fileEncoding = 4; lastKnownFileType = sourcecode.c.h; path = MentorViewController.h; sourceTree = "<group>"; };
		DDDEB4FF17AD946E00FF41DB /* MentorViewController.m */ = {isa = PBXFileReference; fileEncoding = 4; lastKnownFileType = sourcecode.c.objc; path = MentorViewController.m; sourceTree = "<group>"; };
/* End PBXFileReference section */

/* Begin PBXFrameworksBuildPhase section */
		DD48E9C817ACEB1F00F72404 /* Frameworks */ = {
			isa = PBXFrameworksBuildPhase;
			buildActionMask = 2147483647;
			files = (
				DD437BEF17AD9AA000CB9164 /* MobileCoreServices.framework in Frameworks */,
				DD437BED17AD9A9B00CB9164 /* SystemConfiguration.framework in Frameworks */,
				DD437BEB17AD9A8B00CB9164 /* CoreLocation.framework in Frameworks */,
				DD48E9CF17ACEB1F00F72404 /* UIKit.framework in Frameworks */,
				DD437BE917AD9A7A00CB9164 /* Security.framework in Frameworks */,
				DD48E9D117ACEB1F00F72404 /* Foundation.framework in Frameworks */,
				DD48E9D317ACEB1F00F72404 /* CoreGraphics.framework in Frameworks */,
			);
			runOnlyForDeploymentPostprocessing = 0;
		};
/* End PBXFrameworksBuildPhase section */

/* Begin PBXGroup section */
		DD437BCB17AD99E500CB9164 /* AFNetworking */ = {
			isa = PBXGroup;
			children = (
				DD437BCC17AD99E500CB9164 /* AFHTTPClient.h */,
				DD437BCD17AD99E500CB9164 /* AFHTTPClient.m */,
				DD437BCE17AD99E500CB9164 /* AFHTTPRequestOperation.h */,
				DD437BCF17AD99E500CB9164 /* AFHTTPRequestOperation.m */,
				DD437BD017AD99E500CB9164 /* AFImageRequestOperation.h */,
				DD437BD117AD99E500CB9164 /* AFImageRequestOperation.m */,
				DD437BD217AD99E500CB9164 /* AFJSONRequestOperation.h */,
				DD437BD317AD99E500CB9164 /* AFJSONRequestOperation.m */,
				DD437BD417AD99E500CB9164 /* AFNetworkActivityIndicatorManager.h */,
				DD437BD517AD99E500CB9164 /* AFNetworkActivityIndicatorManager.m */,
				DD437BD617AD99E500CB9164 /* AFNetworking.h */,
				DD437BD717AD99E500CB9164 /* AFPropertyListRequestOperation.h */,
				DD437BD817AD99E500CB9164 /* AFPropertyListRequestOperation.m */,
				DD437BD917AD99E500CB9164 /* AFURLConnectionOperation.h */,
				DD437BDA17AD99E500CB9164 /* AFURLConnectionOperation.m */,
				DD437BDB17AD99E500CB9164 /* AFXMLRequestOperation.h */,
				DD437BDC17AD99E500CB9164 /* AFXMLRequestOperation.m */,
				DD437BDD17AD99E500CB9164 /* UIImageView+AFNetworking.h */,
				DD437BDE17AD99E500CB9164 /* UIImageView+AFNetworking.m */,
			);
			path = AFNetworking;
			sourceTree = "<group>";
		};
		DD48E9C217ACEB1F00F72404 = {
			isa = PBXGroup;
			children = (
				DD437BEE17AD9AA000CB9164 /* MobileCoreServices.framework */,
				DD437BEC17AD9A9B00CB9164 /* SystemConfiguration.framework */,
				DD437BEA17AD9A8B00CB9164 /* CoreLocation.framework */,
				DD437BE817AD9A7A00CB9164 /* Security.framework */,
				DD48E9D417ACEB1F00F72404 /* Lookup */,
				DD48E9CD17ACEB1F00F72404 /* Frameworks */,
				DD48E9CC17ACEB1F00F72404 /* Products */,
			);
			sourceTree = "<group>";
		};
		DD48E9CC17ACEB1F00F72404 /* Products */ = {
			isa = PBXGroup;
			children = (
				DD48E9CB17ACEB1F00F72404 /* Lookup.app */,
			);
			name = Products;
			sourceTree = "<group>";
		};
		DD48E9CD17ACEB1F00F72404 /* Frameworks */ = {
			isa = PBXGroup;
			children = (
				DD48E9CE17ACEB1F00F72404 /* UIKit.framework */,
				DD48E9D017ACEB1F00F72404 /* Foundation.framework */,
				DD48E9D217ACEB1F00F72404 /* CoreGraphics.framework */,
			);
			name = Frameworks;
			sourceTree = "<group>";
		};
		DD48E9D417ACEB1F00F72404 /* Lookup */ = {
			isa = PBXGroup;
			children = (
				DD48E9DD17ACEB1F00F72404 /* AppDelegate.h */,
				DD437BCB17AD99E500CB9164 /* AFNetworking */,
				DD48E9DE17ACEB1F00F72404 /* AppDelegate.m */,
				DD48E9E617ACEB1F00F72404 /* MainStoryboard.storyboard */,
				DDDEB4FE17AD946E00FF41DB /* MentorViewController.h */,
				DDDEB4FF17AD946E00FF41DB /* MentorViewController.m */,
				DDDEB4FB17AD8A4600FF41DB /* MentorProfileViewController.h */,
				DDDEB4FC17AD8A4600FF41DB /* MentorProfileViewController.m */,
				DDDEB4F817AD299500FF41DB /* UserFormViewController.h */,
				DDDEB4F917AD299500FF41DB /* UserFormViewController.m */,
				DD48E9E917ACEB1F00F72404 /* ViewController.h */,
				DD48E9EA17ACEB1F00F72404 /* ViewController.m */,
				DD48E9D517ACEB1F00F72404 /* Supporting Files */,
			);
			path = Lookup;
			sourceTree = "<group>";
		};
		DD48E9D517ACEB1F00F72404 /* Supporting Files */ = {
			isa = PBXGroup;
			children = (
				DD8F852E17ADBF6D00A02EF3 /* back@2x.png */,
				DD8F852C17ADA9E300A02EF3 /* 111-user.png */,
				DDDEB4F617AD276A00FF41DB /* inspire_pic_1.jpg */,
				DDDEB4EE17AD17AD00FF41DB /* button.png */,
				DDDEB4EF17AD17AD00FF41DB /* button@2x.png */,
				DDDEB4F017AD17AD00FF41DB /* buttonHighlighted.png */,
				DDDEB4F117AD17AD00FF41DB /* buttonHighlighted@2x.png */,
				DD48E9D617ACEB1F00F72404 /* Lookup-Info.plist */,
				DD48E9D717ACEB1F00F72404 /* InfoPlist.strings */,
				DD48E9DA17ACEB1F00F72404 /* main.m */,
				DD48E9DC17ACEB1F00F72404 /* Lookup-Prefix.pch */,
				DD48E9E017ACEB1F00F72404 /* Default.png */,
				DD48E9E217ACEB1F00F72404 /* Default@2x.png */,
				DD48E9E417ACEB1F00F72404 /* Default-568h@2x.png */,
			);
			name = "Supporting Files";
			sourceTree = "<group>";
		};
/* End PBXGroup section */

/* Begin PBXNativeTarget section */
		DD48E9CA17ACEB1F00F72404 /* Lookup */ = {
			isa = PBXNativeTarget;
			buildConfigurationList = DD48E9EE17ACEB1F00F72404 /* Build configuration list for PBXNativeTarget "Lookup" */;
			buildPhases = (
				DD48E9C717ACEB1F00F72404 /* Sources */,
				DD48E9C817ACEB1F00F72404 /* Frameworks */,
				DD48E9C917ACEB1F00F72404 /* Resources */,
			);
			buildRules = (
			);
			dependencies = (
			);
			name = Lookup;
			productName = Lookup;
			productReference = DD48E9CB17ACEB1F00F72404 /* Lookup.app */;
			productType = "com.apple.product-type.application";
		};
/* End PBXNativeTarget section */

/* Begin PBXProject section */
		DD48E9C317ACEB1F00F72404 /* Project object */ = {
			isa = PBXProject;
			attributes = {
				LastUpgradeCheck = 0460;
			};
			buildConfigurationList = DD48E9C617ACEB1F00F72404 /* Build configuration list for PBXProject "Lookup" */;
			compatibilityVersion = "Xcode 3.2";
			developmentRegion = English;
			hasScannedForEncodings = 0;
			knownRegions = (
				en,
			);
			mainGroup = DD48E9C217ACEB1F00F72404;
			productRefGroup = DD48E9CC17ACEB1F00F72404 /* Products */;
			projectDirPath = "";
			projectRoot = "";
			targets = (
				DD48E9CA17ACEB1F00F72404 /* Lookup */,
			);
		};
/* End PBXProject section */

/* Begin PBXResourcesBuildPhase section */
		DD48E9C917ACEB1F00F72404 /* Resources */ = {
			isa = PBXResourcesBuildPhase;
			buildActionMask = 2147483647;
			files = (
				DD48E9D917ACEB1F00F72404 /* InfoPlist.strings in Resources */,
				DD48E9E117ACEB1F00F72404 /* Default.png in Resources */,
				DD48E9E317ACEB1F00F72404 /* Default@2x.png in Resources */,
				DD48E9E517ACEB1F00F72404 /* Default-568h@2x.png in Resources */,
				DD48E9E817ACEB1F00F72404 /* MainStoryboard.storyboard in Resources */,
				DDDEB4F217AD17AD00FF41DB /* button.png in Resources */,
				DDDEB4F317AD17AD00FF41DB /* button@2x.png in Resources */,
				DDDEB4F417AD17AD00FF41DB /* buttonHighlighted.png in Resources */,
				DDDEB4F517AD17AD00FF41DB /* buttonHighlighted@2x.png in Resources */,
				DDDEB4F717AD276A00FF41DB /* inspire_pic_1.jpg in Resources */,
				DD8F852D17ADA9E300A02EF3 /* 111-user.png in Resources */,
				DD8F852F17ADBF6D00A02EF3 /* back@2x.png in Resources */,
			);
			runOnlyForDeploymentPostprocessing = 0;
		};
/* End PBXResourcesBuildPhase section */

/* Begin PBXSourcesBuildPhase section */
		DD48E9C717ACEB1F00F72404 /* Sources */ = {
			isa = PBXSourcesBuildPhase;
			buildActionMask = 2147483647;
			files = (
				DD48E9DB17ACEB1F00F72404 /* main.m in Sources */,
				DD48E9DF17ACEB1F00F72404 /* AppDelegate.m in Sources */,
				DD48E9EB17ACEB1F00F72404 /* ViewController.m in Sources */,
				DDDEB4FA17AD299500FF41DB /* UserFormViewController.m in Sources */,
				DDDEB4FD17AD8A4700FF41DB /* MentorProfileViewController.m in Sources */,
				DDDEB50017AD946F00FF41DB /* MentorViewController.m in Sources */,
				DD437BDF17AD99E500CB9164 /* AFHTTPClient.m in Sources */,
				DD437BE017AD99E500CB9164 /* AFHTTPRequestOperation.m in Sources */,
				DD437BE117AD99E500CB9164 /* AFImageRequestOperation.m in Sources */,
				DD437BE217AD99E500CB9164 /* AFJSONRequestOperation.m in Sources */,
				DD437BE317AD99E500CB9164 /* AFNetworkActivityIndicatorManager.m in Sources */,
				DD437BE417AD99E500CB9164 /* AFPropertyListRequestOperation.m in Sources */,
				DD437BE517AD99E500CB9164 /* AFURLConnectionOperation.m in Sources */,
				DD437BE617AD99E500CB9164 /* AFXMLRequestOperation.m in Sources */,
				DD437BE717AD99E500CB9164 /* UIImageView+AFNetworking.m in Sources */,
			);
			runOnlyForDeploymentPostprocessing = 0;
		};
/* End PBXSourcesBuildPhase section */

/* Begin PBXVariantGroup section */
		DD48E9D717ACEB1F00F72404 /* InfoPlist.strings */ = {
			isa = PBXVariantGroup;
			children = (
				DD48E9D817ACEB1F00F72404 /* en */,
			);
			name = InfoPlist.strings;
			sourceTree = "<group>";
		};
		DD48E9E617ACEB1F00F72404 /* MainStoryboard.storyboard */ = {
			isa = PBXVariantGroup;
			children = (
				DD48E9E717ACEB1F00F72404 /* en */,
			);
			name = MainStoryboard.storyboard;
			sourceTree = "<group>";
		};
/* End PBXVariantGroup section */

/* Begin XCBuildConfiguration section */
		DD48E9EC17ACEB1F00F72404 /* Debug */ = {
			isa = XCBuildConfiguration;
			buildSettings = {
				ALWAYS_SEARCH_USER_PATHS = NO;
				CLANG_CXX_LANGUAGE_STANDARD = "gnu++0x";
				CLANG_CXX_LIBRARY = "libc++";
				CLANG_ENABLE_OBJC_ARC = YES;
				CLANG_WARN_CONSTANT_CONVERSION = YES;
				CLANG_WARN_EMPTY_BODY = YES;
				CLANG_WARN_ENUM_CONVERSION = YES;
				CLANG_WARN_INT_CONVERSION = YES;
				CLANG_WARN__DUPLICATE_METHOD_MATCH = YES;
				"CODE_SIGN_IDENTITY[sdk=iphoneos*]" = "iPhone Developer";
				COPY_PHASE_STRIP = NO;
				GCC_C_LANGUAGE_STANDARD = gnu99;
				GCC_DYNAMIC_NO_PIC = NO;
				GCC_OPTIMIZATION_LEVEL = 0;
				GCC_PREPROCESSOR_DEFINITIONS = (
					"DEBUG=1",
					"$(inherited)",
				);
				GCC_SYMBOLS_PRIVATE_EXTERN = NO;
				GCC_WARN_ABOUT_RETURN_TYPE = YES;
				GCC_WARN_UNINITIALIZED_AUTOS = YES;
				GCC_WARN_UNUSED_VARIABLE = YES;
				IPHONEOS_DEPLOYMENT_TARGET = 6.1;
				ONLY_ACTIVE_ARCH = YES;
				SDKROOT = iphoneos;
			};
			name = Debug;
		};
		DD48E9ED17ACEB1F00F72404 /* Release */ = {
			isa = XCBuildConfiguration;
			buildSettings = {
				ALWAYS_SEARCH_USER_PATHS = NO;
				CLANG_CXX_LANGUAGE_STANDARD = "gnu++0x";
				CLANG_CXX_LIBRARY = "libc++";
				CLANG_ENABLE_OBJC_ARC = YES;
				CLANG_WARN_CONSTANT_CONVERSION = YES;
				CLANG_WARN_EMPTY_BODY = YES;
				CLANG_WARN_ENUM_CONVERSION = YES;
				CLANG_WARN_INT_CONVERSION = YES;
				CLANG_WARN__DUPLICATE_METHOD_MATCH = YES;
				"CODE_SIGN_IDENTITY[sdk=iphoneos*]" = "iPhone Developer";
				COPY_PHASE_STRIP = YES;
				GCC_C_LANGUAGE_STANDARD = gnu99;
				GCC_WARN_ABOUT_RETURN_TYPE = YES;
				GCC_WARN_UNINITIALIZED_AUTOS = YES;
				GCC_WARN_UNUSED_VARIABLE = YES;
				IPHONEOS_DEPLOYMENT_TARGET = 6.1;
				OTHER_CFLAGS = "-DNS_BLOCK_ASSERTIONS=1";
				SDKROOT = iphoneos;
				VALIDATE_PRODUCT = YES;
			};
			name = Release;
		};
		DD48E9EF17ACEB1F00F72404 /* Debug */ = {
			isa = XCBuildConfiguration;
			buildSettings = {
				GCC_PRECOMPILE_PREFIX_HEADER = YES;
				GCC_PREFIX_HEADER = "Lookup/Lookup-Prefix.pch";
				INFOPLIST_FILE = "Lookup/Lookup-Info.plist";
				PRODUCT_NAME = "$(TARGET_NAME)";
				WRAPPER_EXTENSION = app;
			};
			name = Debug;
		};
		DD48E9F017ACEB1F00F72404 /* Release */ = {
			isa = XCBuildConfiguration;
			buildSettings = {
				GCC_PRECOMPILE_PREFIX_HEADER = YES;
				GCC_PREFIX_HEADER = "Lookup/Lookup-Prefix.pch";
				INFOPLIST_FILE = "Lookup/Lookup-Info.plist";
				PRODUCT_NAME = "$(TARGET_NAME)";
				WRAPPER_EXTENSION = app;
			};
			name = Release;
		};
/* End XCBuildConfiguration section */

/* Begin XCConfigurationList section */
		DD48E9C617ACEB1F00F72404 /* Build configuration list for PBXProject "Lookup" */ = {
			isa = XCConfigurationList;
			buildConfigurations = (
				DD48E9EC17ACEB1F00F72404 /* Debug */,
				DD48E9ED17ACEB1F00F72404 /* Release */,
			);
			defaultConfigurationIsVisible = 0;
			defaultConfigurationName = Release;
		};
		DD48E9EE17ACEB1F00F72404 /* Build configuration list for PBXNativeTarget "Lookup" */ = {
			isa = XCConfigurationList;
			buildConfigurations = (
				DD48E9EF17ACEB1F00F72404 /* Debug */,
				DD48E9F017ACEB1F00F72404 /* Release */,
			);
			defaultConfigurationIsVisible = 0;
			defaultConfigurationName = Release;
		};
/* End XCConfigurationList section */
	};
	rootObject = DD48E9C317ACEB1F00F72404 /* Project object */;
}
